
Microsoft Visual Studio Solution File, Format Version 12.00
# Visual Studio Version 16
VisualStudioVersion = 16.0.30011.22
MinimumVisualStudioVersion = 10.0.40219.1
Project("{FAE04EC0-301F-11D3-BF4B-00C04F79EFBC}") = "BulkyBook", "BulkyBook\BulkyBook.csproj", "{BA6D30AD-D97B-4F89-839C-655C943C2114}"
EndProject
Global
	GlobalSection(SolutionConfigurationPlatforms) = preSolution
		Debug|Any CPU = Debug|Any CPU
		Release|Any CPU = Release|Any CPU
	EndGlobalSection
	GlobalSection(ProjectConfigurationPlatforms) = postSolution
		{BA6D30AD-D97B-4F89-839C-655C943C2114}.Debug|Any CPU.ActiveCfg = Debug|Any CPU
		{BA6D30AD-D97B-4F89-839C-655C943C2114}.Debug|Any CPU.Build.0 = Debug|Any CPU
		{BA6D30AD-D97B-4F89-839C-655C943C2114}.Release|Any CPU.ActiveCfg = Release|Any CPU
		{BA6D30AD-D97B-4F89-839C-655C943C2114}.Release|Any CPU.Build.0 = Release|Any CPU
	EndGlobalSection
	GlobalSection(SolutionProperties) = preSolution
		HideSolutionNode = FALSE
	EndGlobalSection
	GlobalSection(ExtensibilityGlobals) = postSolution
		SolutionGuid = {E8416CC3-EE84-4B6C-B9F0-B37EA54C7CA9}
	EndGlobalSection
EndGlobal
